
Microsoft Visual Studio Solution File, Format Version 12.00
# Visual Studio Version 17
VisualStudioVersion = 17.0.32112.339
MinimumVisualStudioVersion = 10.0.40219.1
Project("{9A19103F-16F7-4668-BE54-9A1E7A4F7556}") = "MultisequenceLearning", "MultisequenceLearning.csproj", "{1F500252-42AE-46FD-BE65-E0C4CB146D4C}"
EndProject
Project("{9A19103F-16F7-4668-BE54-9A1E7A4F7556}") = "NeoCortexApi", "..\..\..\source\NeoCortexApi\NeoCortexApi.csproj", "{E57ADD5C-F17B-4DE5-9135-23F395BBFFD4}"
EndProject
Project("{9A19103F-16F7-4668-BE54-9A1E7A4F7556}") = "NeoCortexEntities", "..\..\..\source\NeoCortexEntities\NeoCortexEntities.csproj", "{AD2ACA7B-DE2A-4E55-9513-B751098CBBAC}"
EndProject
Project("{9A19103F-16F7-4668-BE54-9A1E7A4F7556}") = "NeoCortexApi.Parallel", "..\..\..\source\NeoCortexApi.Parallel\NeoCortexApi.Parallel.csproj", "{451CC848-C60C-4851-AADB-B473BA49E311}"
EndProject
Project("{9A19103F-16F7-4668-BE54-9A1E7A4F7556}") = "NeoCortexArrayLib", "..\..\..\source\NeoCortexArrayLib\NeoCortexArrayLib.csproj", "{6BDBA18C-CCFA-4C25-853A-B92055E22428}"
EndProject
Global
	GlobalSection(SolutionConfigurationPlatforms) = preSolution
		Debug|Any CPU = Debug|Any CPU
		Release|Any CPU = Release|Any CPU
	EndGlobalSection
	GlobalSection(ProjectConfigurationPlatforms) = postSolution
		{1F500252-42AE-46FD-BE65-E0C4CB146D4C}.Debug|Any CPU.ActiveCfg = Debug|Any CPU
		{1F500252-42AE-46FD-BE65-E0C4CB146D4C}.Debug|Any CPU.Build.0 = Debug|Any CPU
		{1F500252-42AE-46FD-BE65-E0C4CB146D4C}.Release|Any CPU.ActiveCfg = Release|Any CPU
		{1F500252-42AE-46FD-BE65-E0C4CB146D4C}.Release|Any CPU.Build.0 = Release|Any CPU
		{E57ADD5C-F17B-4DE5-9135-23F395BBFFD4}.Debug|Any CPU.ActiveCfg = Debug|Any CPU
		{E57ADD5C-F17B-4DE5-9135-23F395BBFFD4}.Debug|Any CPU.Build.0 = Debug|Any CPU
		{E57ADD5C-F17B-4DE5-9135-23F395BBFFD4}.Release|Any CPU.ActiveCfg = Release|Any CPU
		{E57ADD5C-F17B-4DE5-9135-23F395BBFFD4}.Release|Any CPU.Build.0 = Release|Any CPU
		{AD2ACA7B-DE2A-4E55-9513-B751098CBBAC}.Debug|Any CPU.ActiveCfg = Debug|Any CPU
		{AD2ACA7B-DE2A-4E55-9513-B751098CBBAC}.Debug|Any CPU.Build.0 = Debug|Any CPU
		{AD2ACA7B-DE2A-4E55-9513-B751098CBBAC}.Release|Any CPU.ActiveCfg = Release|Any CPU
		{AD2ACA7B-DE2A-4E55-9513-B751098CBBAC}.Release|Any CPU.Build.0 = Release|Any CPU
		{451CC848-C60C-4851-AADB-B473BA49E311}.Debug|Any CPU.ActiveCfg = Debug|Any CPU
		{451CC848-C60C-4851-AADB-B473BA49E311}.Debug|Any CPU.Build.0 = Debug|Any CPU
		{451CC848-C60C-4851-AADB-B473BA49E311}.Release|Any CPU.ActiveCfg = Release|Any CPU
		{451CC848-C60C-4851-AADB-B473BA49E311}.Release|Any CPU.Build.0 = Release|Any CPU
		{6BDBA18C-CCFA-4C25-853A-B92055E22428}.Debug|Any CPU.ActiveCfg = Debug|Any CPU
		{6BDBA18C-CCFA-4C25-853A-B92055E22428}.Debug|Any CPU.Build.0 = Debug|Any CPU
		{6BDBA18C-CCFA-4C25-853A-B92055E22428}.Release|Any CPU.ActiveCfg = Release|Any CPU
		{6BDBA18C-CCFA-4C25-853A-B92055E22428}.Release|Any CPU.Build.0 = Release|Any CPU
	EndGlobalSection
	GlobalSection(SolutionProperties) = preSolution
		HideSolutionNode = FALSE
	EndGlobalSection
	GlobalSection(ExtensibilityGlobals) = postSolution
		SolutionGuid = {E241D968-9E1B-41FC-B57F-B21339408874}
	EndGlobalSection
EndGlobal
