
Microsoft Visual Studio Solution File, Format Version 12.00
# Visual Studio Version 17
VisualStudioVersion = 17.0.31903.59
MinimumVisualStudioVersion = 10.0.40219.1
Project("{9A19103F-16F7-4668-BE54-9A1E7A4F7556}") = "SimpleMultiSequenceLearning", "SimpleMultiSequenceLearning\SimpleMultiSequenceLearning.csproj", "{11FDAB03-4A1B-42E8-9EAB-A2842476733F}"
EndProject
Project("{9A19103F-16F7-4668-BE54-9A1E7A4F7556}") = "HtmImageEncoder", "..\..\ImageEncoder\HtmImageEncoder.csproj", "{00E1625D-A6F6-4812-8484-B61AA53E5F54}"
EndProject
Project("{9A19103F-16F7-4668-BE54-9A1E7A4F7556}") = "NeoCortexApi", "..\..\NeoCortexApi\NeoCortexApi.csproj", "{99F3EF73-8F79-4D35-8CFD-689C87BC6523}"
EndProject
Project("{9A19103F-16F7-4668-BE54-9A1E7A4F7556}") = "NeoCortexEntities", "..\..\NeoCortexEntities\NeoCortexEntities.csproj", "{C3A0898A-2189-43E2-B992-131B63262257}"
EndProject
Project("{9A19103F-16F7-4668-BE54-9A1E7A4F7556}") = "NeoCortexUtils", "..\..\NeoCortexUtils\NeoCortexUtils.csproj", "{A9EEE5CF-BCA5-4BA4-9F3B-D55DA96201CE}"
EndProject
Global
	GlobalSection(SolutionConfigurationPlatforms) = preSolution
		Debug|Any CPU = Debug|Any CPU
		Release|Any CPU = Release|Any CPU
	EndGlobalSection
	GlobalSection(ProjectConfigurationPlatforms) = postSolution
		{11FDAB03-4A1B-42E8-9EAB-A2842476733F}.Debug|Any CPU.ActiveCfg = Debug|Any CPU
		{11FDAB03-4A1B-42E8-9EAB-A2842476733F}.Debug|Any CPU.Build.0 = Debug|Any CPU
		{11FDAB03-4A1B-42E8-9EAB-A2842476733F}.Release|Any CPU.ActiveCfg = Release|Any CPU
		{11FDAB03-4A1B-42E8-9EAB-A2842476733F}.Release|Any CPU.Build.0 = Release|Any CPU
		{00E1625D-A6F6-4812-8484-B61AA53E5F54}.Debug|Any CPU.ActiveCfg = Debug|Any CPU
		{00E1625D-A6F6-4812-8484-B61AA53E5F54}.Debug|Any CPU.Build.0 = Debug|Any CPU
		{00E1625D-A6F6-4812-8484-B61AA53E5F54}.Release|Any CPU.ActiveCfg = Release|Any CPU
		{00E1625D-A6F6-4812-8484-B61AA53E5F54}.Release|Any CPU.Build.0 = Release|Any CPU
		{99F3EF73-8F79-4D35-8CFD-689C87BC6523}.Debug|Any CPU.ActiveCfg = Debug|Any CPU
		{99F3EF73-8F79-4D35-8CFD-689C87BC6523}.Debug|Any CPU.Build.0 = Debug|Any CPU
		{99F3EF73-8F79-4D35-8CFD-689C87BC6523}.Release|Any CPU.ActiveCfg = Release|Any CPU
		{99F3EF73-8F79-4D35-8CFD-689C87BC6523}.Release|Any CPU.Build.0 = Release|Any CPU
		{C3A0898A-2189-43E2-B992-131B63262257}.Debug|Any CPU.ActiveCfg = Debug|Any CPU
		{C3A0898A-2189-43E2-B992-131B63262257}.Debug|Any CPU.Build.0 = Debug|Any CPU
		{C3A0898A-2189-43E2-B992-131B63262257}.Release|Any CPU.ActiveCfg = Release|Any CPU
		{C3A0898A-2189-43E2-B992-131B63262257}.Release|Any CPU.Build.0 = Release|Any CPU
		{A9EEE5CF-BCA5-4BA4-9F3B-D55DA96201CE}.Debug|Any CPU.ActiveCfg = Debug|Any CPU
		{A9EEE5CF-BCA5-4BA4-9F3B-D55DA96201CE}.Debug|Any CPU.Build.0 = Debug|Any CPU
		{A9EEE5CF-BCA5-4BA4-9F3B-D55DA96201CE}.Release|Any CPU.ActiveCfg = Release|Any CPU
		{A9EEE5CF-BCA5-4BA4-9F3B-D55DA96201CE}.Release|Any CPU.Build.0 = Release|Any CPU
	EndGlobalSection
	GlobalSection(SolutionProperties) = preSolution
		HideSolutionNode = FALSE
	EndGlobalSection
	GlobalSection(ExtensibilityGlobals) = postSolution
		SolutionGuid = {21B0CFFB-0D76-47FC-9BD9-0F05DE50F882}
	EndGlobalSection
EndGlobal
